
Microsoft Visual Studio Solution File, Format Version 12.00
# Visual Studio Version 16
VisualStudioVersion = 16.0.31129.286
MinimumVisualStudioVersion = 10.0.40219.1
Project("{FAE04EC0-301F-11D3-BF4B-00C04F79EFBC}") = "BlazorServerSideDemo", "BlazorServerSideDemo.csproj", "{236BB20F-F428-4929-A2B2-38B8E6AFA116}"
EndProject
Global
	GlobalSection(SolutionConfigurationPlatforms) = preSolution
		Debug|Any CPU = Debug|Any CPU
		Release|Any CPU = Release|Any CPU
	EndGlobalSection
	GlobalSection(ProjectConfigurationPlatforms) = postSolution
		{236BB20F-F428-4929-A2B2-38B8E6AFA116}.Debug|Any CPU.ActiveCfg = Debug|Any CPU
		{236BB20F-F428-4929-A2B2-38B8E6AFA116}.Debug|Any CPU.Build.0 = Debug|Any CPU
		{236BB20F-F428-4929-A2B2-38B8E6AFA116}.Release|Any CPU.ActiveCfg = Release|Any CPU
		{236BB20F-F428-4929-A2B2-38B8E6AFA116}.Release|Any CPU.Build.0 = Release|Any CPU
	EndGlobalSection
	GlobalSection(SolutionProperties) = preSolution
		HideSolutionNode = FALSE
	EndGlobalSection
	GlobalSection(ExtensibilityGlobals) = postSolution
		SolutionGuid = {97E539B2-76E8-4CF4-8476-D4A4FE6B6BDF}
	EndGlobalSection
EndGlobal
